
Microsoft Visual Studio Solution File, Format Version 12.00
# Visual Studio Version 16
VisualStudioVersion = 16.0.30503.244
MinimumVisualStudioVersion = 10.0.40219.1
Project("{9A19103F-16F7-4668-BE54-9A1E7A4F7556}") = "OceanSmartBot", "OceanSmartBot\OceanSmartBot.csproj", "{4DED7BB0-1F88-43C2-BD4C-B8C486F00E27}"
EndProject
Global
	GlobalSection(SolutionConfigurationPlatforms) = preSolution
		Debug|Any CPU = Debug|Any CPU
		Release|Any CPU = Release|Any CPU
	EndGlobalSection
	GlobalSection(ProjectConfigurationPlatforms) = postSolution
		{4DED7BB0-1F88-43C2-BD4C-B8C486F00E27}.Debug|Any CPU.ActiveCfg = Debug|Any CPU
		{4DED7BB0-1F88-43C2-BD4C-B8C486F00E27}.Debug|Any CPU.Build.0 = Debug|Any CPU
		{4DED7BB0-1F88-43C2-BD4C-B8C486F00E27}.Release|Any CPU.ActiveCfg = Release|Any CPU
		{4DED7BB0-1F88-43C2-BD4C-B8C486F00E27}.Release|Any CPU.Build.0 = Release|Any CPU
	EndGlobalSection
	GlobalSection(SolutionProperties) = preSolution
		HideSolutionNode = FALSE
	EndGlobalSection
	GlobalSection(ExtensibilityGlobals) = postSolution
		SolutionGuid = {C4705E16-5C29-481C-B3F6-5ED500F27356}
	EndGlobalSection
EndGlobal
